
Microsoft Visual Studio Solution File, Format Version 12.00
# Visual Studio 2013
VisualStudioVersion = 12.0.40629.0
MinimumVisualStudioVersion = 10.0.40219.1
Project("{FAE04EC0-301F-11D3-BF4B-00C04F79EFBC}") = "CaliburnMicroBindToDoubleFormattingTest", "CaliburnMicroBindingToDoubleFormatingTst\CaliburnMicroBindToDoubleFormattingTest.csproj", "{851D933E-4888-4650-A8AA-6CEB2EBA7848}"
EndProject
Global
	GlobalSection(SolutionConfigurationPlatforms) = preSolution
		Debug|Any CPU = Debug|Any CPU
		Release|Any CPU = Release|Any CPU
	EndGlobalSection
	GlobalSection(ProjectConfigurationPlatforms) = postSolution
		{851D933E-4888-4650-A8AA-6CEB2EBA7848}.Debug|Any CPU.ActiveCfg = Debug|Any CPU
		{851D933E-4888-4650-A8AA-6CEB2EBA7848}.Debug|Any CPU.Build.0 = Debug|Any CPU
		{851D933E-4888-4650-A8AA-6CEB2EBA7848}.Release|Any CPU.ActiveCfg = Release|Any CPU
		{851D933E-4888-4650-A8AA-6CEB2EBA7848}.Release|Any CPU.Build.0 = Release|Any CPU
	EndGlobalSection
	GlobalSection(SolutionProperties) = preSolution
		HideSolutionNode = FALSE
	EndGlobalSection
EndGlobal
